{
  "requires": true,
  "lockfileVersion": 1,
  "dependencies": {
    "vue": {
      "version": "2.6.14",
      "resolved": "https://registry.npmjs.org/vue/-/vue-2.6.14.tgz",
      "integrity": "sha512-x2284lgYvjOMj3Za7kqzRcUSxBboHqtgRE2zlos1qWaOye5yUmHn42LB1250NJBLRwEcdrB0JRwyPTEPhfQjiQ=="
    },
    "vue-jwt-decode": {
      "version": "0.1.0",
      "resolved": "https://registry.npmjs.org/vue-jwt-decode/-/vue-jwt-decode-0.1.0.tgz",
      "integrity": "sha512-4iP0NzYHkAF7G13tYPc/nudk4oNpB8GCVZupc7lekxXok1XKEgefNaGTpDT14g7RKe5H9GaMphPduDj4UVfZwQ==",
      "requires": {
        "vue": "^2.3.3"
      }
    }
  }
}
